
Microsoft Visual Studio Solution File, Format Version 12.00
# Visual Studio Version 16
VisualStudioVersion = 16.0.31005.135
MinimumVisualStudioVersion = 10.0.40219.1
Project("{8BC9CEB8-8B4A-11D0-8D11-00A0C91BC942}") = "nunet", "nunet.vcxproj", "{46C7BA57-A1FE-4023-99CD-8C09E784C390}"
EndProject
Global
	GlobalSection(SolutionConfigurationPlatforms) = preSolution
		Debug|x64 = Debug|x64
		Debug|x86 = Debug|x86
		Release|x64 = Release|x64
		Release|x86 = Release|x86
	EndGlobalSection
	GlobalSection(ProjectConfigurationPlatforms) = postSolution
		{46C7BA57-A1FE-4023-99CD-8C09E784C390}.Debug|x64.ActiveCfg = Debug|x64
		{46C7BA57-A1FE-4023-99CD-8C09E784C390}.Debug|x64.Build.0 = Debug|x64
		{46C7BA57-A1FE-4023-99CD-8C09E784C390}.Debug|x86.ActiveCfg = Debug|Win32
		{46C7BA57-A1FE-4023-99CD-8C09E784C390}.Debug|x86.Build.0 = Debug|Win32
		{46C7BA57-A1FE-4023-99CD-8C09E784C390}.Release|x64.ActiveCfg = Release|x64
		{46C7BA57-A1FE-4023-99CD-8C09E784C390}.Release|x64.Build.0 = Release|x64
		{46C7BA57-A1FE-4023-99CD-8C09E784C390}.Release|x86.ActiveCfg = Release|Win32
		{46C7BA57-A1FE-4023-99CD-8C09E784C390}.Release|x86.Build.0 = Release|Win32
	EndGlobalSection
	GlobalSection(SolutionProperties) = preSolution
		HideSolutionNode = FALSE
	EndGlobalSection
	GlobalSection(ExtensibilityGlobals) = postSolution
		SolutionGuid = {E4326280-76D5-43AF-9584-F583017DCA87}
	EndGlobalSection
EndGlobal
